# THIS IS AN AUTOGENERATED FILE. DO NOT EDIT THIS FILE DIRECTLY.
# yarn lockfile v1


node-forge@0.6.33:
  version "0.6.33"
  resolved "https://registry.yarnpkg.com/node-forge/-/node-forge-0.6.33.tgz#463811879f573d45155ad6a9f43dc296e8e85ebc"

selfsigned@^1.9.1:
  version "1.9.1"
  resolved "https://registry.yarnpkg.com/selfsigned/-/selfsigned-1.9.1.tgz#cdda4492d70d486570f87c65546023558e1dfa5a"
  dependencies:
    node-forge "0.6.33"
